
Microsoft Visual Studio Solution File, Format Version 12.00
# Visual Studio Version 17
VisualStudioVersion = 17.13.35931.197 d17.13
MinimumVisualStudioVersion = 10.0.40219.1
Project("{FAE04EC0-301F-11D3-BF4B-00C04F79EFBC}") = "GameProviderService", "GameProviderService.csproj", "{4497D4A9-9589-4A4E-ADFE-B9F0505B2259}"
EndProject
Global
	GlobalSection(SolutionConfigurationPlatforms) = preSolution
		Debug|Any CPU = Debug|Any CPU
		Release|Any CPU = Release|Any CPU
	EndGlobalSection
	GlobalSection(ProjectConfigurationPlatforms) = postSolution
		{4497D4A9-9589-4A4E-ADFE-B9F0505B2259}.Debug|Any CPU.ActiveCfg = Debug|Any CPU
		{4497D4A9-9589-4A4E-ADFE-B9F0505B2259}.Debug|Any CPU.Build.0 = Debug|Any CPU
		{4497D4A9-9589-4A4E-ADFE-B9F0505B2259}.Release|Any CPU.ActiveCfg = Release|Any CPU
		{4497D4A9-9589-4A4E-ADFE-B9F0505B2259}.Release|Any CPU.Build.0 = Release|Any CPU
	EndGlobalSection
	GlobalSection(SolutionProperties) = preSolution
		HideSolutionNode = FALSE
	EndGlobalSection
	GlobalSection(ExtensibilityGlobals) = postSolution
		SolutionGuid = {C5934A02-5CF9-41C1-959C-2B61D994AF42}
	EndGlobalSection
EndGlobal
